
Microsoft Visual Studio Solution File, Format Version 12.00
# Visual Studio Version 16
VisualStudioVersion = 16.0.29709.97
MinimumVisualStudioVersion = 10.0.40219.1
Project("{9A19103F-16F7-4668-BE54-9A1E7A4F7556}") = "AltradyNotifier", "AltradyNotifier\AltradyNotifier.csproj", "{EB19D455-8CC4-4B58-A7D5-A8C92D358AD6}"
EndProject
Project("{2150E333-8FDC-42A3-9474-1A3956D46DE8}") = "Solution Items", "Solution Items", "{452245B7-C70C-4110-8E4C-55393DC4A809}"
	ProjectSection(SolutionItems) = preProject
		AltradyNotifier\.gitignore = AltradyNotifier\.gitignore
		altrady.png = altrady.png
		README.md = README.md
	EndProjectSection
EndProject
Global
	GlobalSection(SolutionConfigurationPlatforms) = preSolution
		Debug|Any CPU = Debug|Any CPU
		Release|Any CPU = Release|Any CPU
	EndGlobalSection
	GlobalSection(ProjectConfigurationPlatforms) = postSolution
		{EB19D455-8CC4-4B58-A7D5-A8C92D358AD6}.Debug|Any CPU.ActiveCfg = Debug|Any CPU
		{EB19D455-8CC4-4B58-A7D5-A8C92D358AD6}.Debug|Any CPU.Build.0 = Debug|Any CPU
		{EB19D455-8CC4-4B58-A7D5-A8C92D358AD6}.Release|Any CPU.ActiveCfg = Release|Any CPU
		{EB19D455-8CC4-4B58-A7D5-A8C92D358AD6}.Release|Any CPU.Build.0 = Release|Any CPU
	EndGlobalSection
	GlobalSection(SolutionProperties) = preSolution
		HideSolutionNode = FALSE
	EndGlobalSection
	GlobalSection(ExtensibilityGlobals) = postSolution
		SolutionGuid = {6F1CC3DF-1F3A-4778-979D-C774327DB9BE}
	EndGlobalSection
EndGlobal
